
Microsoft Visual Studio Solution File, Format Version 12.00
# Visual Studio Version 17
VisualStudioVersion = 17.5.33516.290
MinimumVisualStudioVersion = 10.0.40219.1
Project("{9A19103F-16F7-4668-BE54-9A1E7A4F7556}") = "proj_cs_bin", "proj_cs_bin.csproj", "{5DB9D5C5-56A8-41B1-9296-F9E3B08682D4}"
EndProject
Global
	GlobalSection(SolutionConfigurationPlatforms) = preSolution
		Debug|Any CPU = Debug|Any CPU
		Release|Any CPU = Release|Any CPU
	EndGlobalSection
	GlobalSection(ProjectConfigurationPlatforms) = postSolution
		{5DB9D5C5-56A8-41B1-9296-F9E3B08682D4}.Debug|Any CPU.ActiveCfg = Debug|Any CPU
		{5DB9D5C5-56A8-41B1-9296-F9E3B08682D4}.Debug|Any CPU.Build.0 = Debug|Any CPU
		{5DB9D5C5-56A8-41B1-9296-F9E3B08682D4}.Release|Any CPU.ActiveCfg = Release|Any CPU
		{5DB9D5C5-56A8-41B1-9296-F9E3B08682D4}.Release|Any CPU.Build.0 = Release|Any CPU
	EndGlobalSection
	GlobalSection(SolutionProperties) = preSolution
		HideSolutionNode = FALSE
	EndGlobalSection
	GlobalSection(ExtensibilityGlobals) = postSolution
		SolutionGuid = {3E2DAC04-95E9-4AA0-9174-1D3AB1359489}
	EndGlobalSection
EndGlobal
